
Microsoft Visual Studio Solution File, Format Version 12.00
# Visual Studio Version 17
VisualStudioVersion = 17.7.34031.279
MinimumVisualStudioVersion = 10.0.40219.1
Project("{FAE04EC0-301F-11D3-BF4B-00C04F79EFBC}") = "Vegetables_Fruits_d_z_shambala", "Vegetables_Fruits_d_z_shambala.csproj", "{E74426BF-54C4-48E3-9C38-D1B2A580C446}"
EndProject
Global
	GlobalSection(SolutionConfigurationPlatforms) = preSolution
		Debug|Any CPU = Debug|Any CPU
		Release|Any CPU = Release|Any CPU
	EndGlobalSection
	GlobalSection(ProjectConfigurationPlatforms) = postSolution
		{E74426BF-54C4-48E3-9C38-D1B2A580C446}.Debug|Any CPU.ActiveCfg = Debug|Any CPU
		{E74426BF-54C4-48E3-9C38-D1B2A580C446}.Debug|Any CPU.Build.0 = Debug|Any CPU
		{E74426BF-54C4-48E3-9C38-D1B2A580C446}.Release|Any CPU.ActiveCfg = Release|Any CPU
		{E74426BF-54C4-48E3-9C38-D1B2A580C446}.Release|Any CPU.Build.0 = Release|Any CPU
	EndGlobalSection
	GlobalSection(SolutionProperties) = preSolution
		HideSolutionNode = FALSE
	EndGlobalSection
	GlobalSection(ExtensibilityGlobals) = postSolution
		SolutionGuid = {39C6FDB8-9514-4803-9B17-2D6C9BF04673}
	EndGlobalSection
EndGlobal
